
Microsoft Visual Studio Solution File, Format Version 12.00
# Visual Studio Version 17
VisualStudioVersion = 17.0.31903.59
MinimumVisualStudioVersion = 10.0.40219.1
Project("{2150E333-8FDC-42A3-9474-1A3956D46DE8}") = "src", "src", "{EC62B2E0-D249-45BD-8BFD-CC1C3AA41D0C}"
EndProject
Project("{9A19103F-16F7-4668-BE54-9A1E7A4F7556}") = "AuctionService", "src\AuctionService\AuctionService.csproj", "{DEB3844D-EB19-4F45-BDF9-0D9495286EF9}"
EndProject
Project("{2150E333-8FDC-42A3-9474-1A3956D46DE8}") = "Solution Items", "Solution Items", "{50037551-17FF-4A65-9941-78438FB248D1}"
	ProjectSection(SolutionItems) = preProject
		src\AuctionService\.editorconfig = src\AuctionService\.editorconfig
		docker-compose.yml = docker-compose.yml
	EndProjectSection
EndProject
Project("{9A19103F-16F7-4668-BE54-9A1E7A4F7556}") = "SearchService", "src\SearchService\SearchService.csproj", "{E02DB462-70B0-4BEA-8428-39C55621D74C}"
EndProject
Project("{9A19103F-16F7-4668-BE54-9A1E7A4F7556}") = "Contracts", "src\Contracts\Contracts.csproj", "{04C1FEB3-4ADE-48FC-924E-B421F1262E86}"
EndProject
Project("{9A19103F-16F7-4668-BE54-9A1E7A4F7556}") = "IdentityService", "src\IdentityService\IdentityService.csproj", "{BB7358A9-E0A0-4EB1-BED6-F7E8ACF590A2}"
EndProject
Project("{FAE04EC0-301F-11D3-BF4B-00C04F79EFBC}") = "GatewayService", "src\GatewayService\GatewayService.csproj", "{A72C3854-8B4D-463D-A882-316A676F87CC}"
EndProject
Global
	GlobalSection(SolutionConfigurationPlatforms) = preSolution
		Debug|Any CPU = Debug|Any CPU
		Release|Any CPU = Release|Any CPU
	EndGlobalSection
	GlobalSection(ProjectConfigurationPlatforms) = postSolution
		{DEB3844D-EB19-4F45-BDF9-0D9495286EF9}.Debug|Any CPU.ActiveCfg = Debug|Any CPU
		{DEB3844D-EB19-4F45-BDF9-0D9495286EF9}.Debug|Any CPU.Build.0 = Debug|Any CPU
		{DEB3844D-EB19-4F45-BDF9-0D9495286EF9}.Release|Any CPU.ActiveCfg = Release|Any CPU
		{DEB3844D-EB19-4F45-BDF9-0D9495286EF9}.Release|Any CPU.Build.0 = Release|Any CPU
		{E02DB462-70B0-4BEA-8428-39C55621D74C}.Debug|Any CPU.ActiveCfg = Debug|Any CPU
		{E02DB462-70B0-4BEA-8428-39C55621D74C}.Debug|Any CPU.Build.0 = Debug|Any CPU
		{E02DB462-70B0-4BEA-8428-39C55621D74C}.Release|Any CPU.ActiveCfg = Release|Any CPU
		{E02DB462-70B0-4BEA-8428-39C55621D74C}.Release|Any CPU.Build.0 = Release|Any CPU
		{04C1FEB3-4ADE-48FC-924E-B421F1262E86}.Debug|Any CPU.ActiveCfg = Debug|Any CPU
		{04C1FEB3-4ADE-48FC-924E-B421F1262E86}.Debug|Any CPU.Build.0 = Debug|Any CPU
		{04C1FEB3-4ADE-48FC-924E-B421F1262E86}.Release|Any CPU.ActiveCfg = Release|Any CPU
		{04C1FEB3-4ADE-48FC-924E-B421F1262E86}.Release|Any CPU.Build.0 = Release|Any CPU
		{BB7358A9-E0A0-4EB1-BED6-F7E8ACF590A2}.Debug|Any CPU.ActiveCfg = Debug|Any CPU
		{BB7358A9-E0A0-4EB1-BED6-F7E8ACF590A2}.Debug|Any CPU.Build.0 = Debug|Any CPU
		{BB7358A9-E0A0-4EB1-BED6-F7E8ACF590A2}.Release|Any CPU.ActiveCfg = Release|Any CPU
		{BB7358A9-E0A0-4EB1-BED6-F7E8ACF590A2}.Release|Any CPU.Build.0 = Release|Any CPU
		{A72C3854-8B4D-463D-A882-316A676F87CC}.Debug|Any CPU.ActiveCfg = Debug|Any CPU
		{A72C3854-8B4D-463D-A882-316A676F87CC}.Debug|Any CPU.Build.0 = Debug|Any CPU
		{A72C3854-8B4D-463D-A882-316A676F87CC}.Release|Any CPU.ActiveCfg = Release|Any CPU
		{A72C3854-8B4D-463D-A882-316A676F87CC}.Release|Any CPU.Build.0 = Release|Any CPU
	EndGlobalSection
	GlobalSection(SolutionProperties) = preSolution
		HideSolutionNode = FALSE
	EndGlobalSection
	GlobalSection(NestedProjects) = preSolution
		{DEB3844D-EB19-4F45-BDF9-0D9495286EF9} = {EC62B2E0-D249-45BD-8BFD-CC1C3AA41D0C}
		{E02DB462-70B0-4BEA-8428-39C55621D74C} = {EC62B2E0-D249-45BD-8BFD-CC1C3AA41D0C}
		{04C1FEB3-4ADE-48FC-924E-B421F1262E86} = {EC62B2E0-D249-45BD-8BFD-CC1C3AA41D0C}
		{BB7358A9-E0A0-4EB1-BED6-F7E8ACF590A2} = {EC62B2E0-D249-45BD-8BFD-CC1C3AA41D0C}
		{A72C3854-8B4D-463D-A882-316A676F87CC} = {EC62B2E0-D249-45BD-8BFD-CC1C3AA41D0C}
	EndGlobalSection
	GlobalSection(ExtensibilityGlobals) = postSolution
		SolutionGuid = {CC849014-6FA2-4086-883F-64CB253A7AED}
	EndGlobalSection
EndGlobal
